// !$*UTF8*$!
{
	archiveVersion = 1;
	classes = {
	};
	objectVersion = 55;
	objects = {

/* Begin PBXBuildFile section */
		4A1C7CFB2993C30D00A1065F /* Sets.swift in Sources */ = {isa = PBXBuildFile; fileRef = 4A1C7CFA2993C30D00A1065F /* Sets.swift */; };
		4A1C7CFE2993DBD700A1065F /* SwiftAST in Frameworks */ = {isa = PBXBuildFile; productRef = 4A1C7CFD2993DBD700A1065F /* SwiftAST */; };
		4A1C7D002993DBD700A1065F /* SwiftAST+Tooling in Frameworks */ = {isa = PBXBuildFile; productRef = 4A1C7CFF2993DBD700A1065F /* SwiftAST+Tooling */; };
		4A1C7D022993DBD700A1065F /* swift-ast in Frameworks */ = {isa = PBXBuildFile; productRef = 4A1C7D012993DBD700A1065F /* swift-ast */; };
		4A1C7D052993DC1200A1065F /* ASTVisitor.swift in Sources */ = {isa = PBXBuildFile; fileRef = 4A1C7D042993DC1200A1065F /* ASTVisitor.swift */; };
		4A1C7D072993E00C00A1065F /* Example.swift in Sources */ = {isa = PBXBuildFile; fileRef = 4A1C7D062993E00C00A1065F /* Example.swift */; };
		4A1C7D0A2993EE4600A1065F /* AST.swift in Sources */ = {isa = PBXBuildFile; fileRef = 4A1C7D092993EE4600A1065F /* AST.swift */; };
		4A6B3E43298EBB9900EA6986 /* CodeDuplicationFinder.swift in Sources */ = {isa = PBXBuildFile; fileRef = 4A6B3E42298EBB9900EA6986 /* CodeDuplicationFinder.swift */; };
		4A6B3E45298ECA1D00EA6986 /* DuplicateDetectorError.swift in Sources */ = {isa = PBXBuildFile; fileRef = 4A6B3E44298ECA1D00EA6986 /* DuplicateDetectorError.swift */; };
		4A6B3E47298ECFDE00EA6986 /* CodeLineTokenizer.swift in Sources */ = {isa = PBXBuildFile; fileRef = 4A6B3E46298ECFDE00EA6986 /* CodeLineTokenizer.swift */; };
		4A6B3E49298FB13100EA6986 /* ClassParser.swift in Sources */ = {isa = PBXBuildFile; fileRef = 4A6B3E48298FB13100EA6986 /* ClassParser.swift */; };
		4A81DFAA29866FE0008D492A /* main.swift in Sources */ = {isa = PBXBuildFile; fileRef = 4A81DFA929866FE0008D492A /* main.swift */; };
		4A81DFB129866FFE008D492A /* TokenType.swift in Sources */ = {isa = PBXBuildFile; fileRef = 4A81DFB029866FFE008D492A /* TokenType.swift */; };
		4A81DFD729883416008D492A /* String+Extension.swift in Sources */ = {isa = PBXBuildFile; fileRef = 4A81DFD629883416008D492A /* String+Extension.swift */; };
		4AB4BBEE299A9BAE00886209 /* TreeDuplicateDetector.swift in Sources */ = {isa = PBXBuildFile; fileRef = 4AB4BBED299A9BAE00886209 /* TreeDuplicateDetector.swift */; };
		4AB4BBF0299A9BC400886209 /* TreeNode.swift in Sources */ = {isa = PBXBuildFile; fileRef = 4AB4BBEF299A9BC400886209 /* TreeNode.swift */; };
		4AB4BBF3299AB44900886209 /* SwiftSyntax in Frameworks */ = {isa = PBXBuildFile; productRef = 4AB4BBF2299AB44900886209 /* SwiftSyntax */; };
		4AB4BBF5299AB44900886209 /* SwiftSyntaxBuilder in Frameworks */ = {isa = PBXBuildFile; productRef = 4AB4BBF4299AB44900886209 /* SwiftSyntaxBuilder */; };
		4AB4BBF7299AB44900886209 /* SwiftSyntaxParser in Frameworks */ = {isa = PBXBuildFile; productRef = 4AB4BBF6299AB44900886209 /* SwiftSyntaxParser */; };
		4AB4BBFA299AB52000886209 /* SyntaxTreeDuplicateDetector.swift in Sources */ = {isa = PBXBuildFile; fileRef = 4AB4BBF9299AB52000886209 /* SyntaxTreeDuplicateDetector.swift */; };
		4ADA920E2992EA410079DC6F /* Tree.swift in Sources */ = {isa = PBXBuildFile; fileRef = 4ADA920D2992EA410079DC6F /* Tree.swift */; };
/* End PBXBuildFile section */

/* Begin PBXCopyFilesBuildPhase section */
		4A81DFA429866FE0008D492A /* CopyFiles */ = {
			isa = PBXCopyFilesBuildPhase;
			buildActionMask = 2147483647;
			dstPath = /usr/share/man/man1/;
			dstSubfolderSpec = 0;
			files = (
			);
			runOnlyForDeploymentPostprocessing = 1;
		};
/* End PBXCopyFilesBuildPhase section */

/* Begin PBXFileReference section */
		4A1C7CFA2993C30D00A1065F /* Sets.swift */ = {isa = PBXFileReference; lastKnownFileType = sourcecode.swift; path = Sets.swift; sourceTree = "<group>"; };
		4A1C7D042993DC1200A1065F /* ASTVisitor.swift */ = {isa = PBXFileReference; lastKnownFileType = sourcecode.swift; path = ASTVisitor.swift; sourceTree = "<group>"; };
		4A1C7D062993E00C00A1065F /* Example.swift */ = {isa = PBXFileReference; lastKnownFileType = sourcecode.swift; path = Example.swift; sourceTree = "<group>"; };
		4A1C7D092993EE4600A1065F /* AST.swift */ = {isa = PBXFileReference; lastKnownFileType = sourcecode.swift; path = AST.swift; sourceTree = "<group>"; };
		4A6B3E42298EBB9900EA6986 /* CodeDuplicationFinder.swift */ = {isa = PBXFileReference; lastKnownFileType = sourcecode.swift; path = CodeDuplicationFinder.swift; sourceTree = "<group>"; };
		4A6B3E44298ECA1D00EA6986 /* DuplicateDetectorError.swift */ = {isa = PBXFileReference; lastKnownFileType = sourcecode.swift; path = DuplicateDetectorError.swift; sourceTree = "<group>"; };
		4A6B3E46298ECFDE00EA6986 /* CodeLineTokenizer.swift */ = {isa = PBXFileReference; lastKnownFileType = sourcecode.swift; path = CodeLineTokenizer.swift; sourceTree = "<group>"; };
		4A6B3E48298FB13100EA6986 /* ClassParser.swift */ = {isa = PBXFileReference; lastKnownFileType = sourcecode.swift; path = ClassParser.swift; sourceTree = "<group>"; };
		4A81DFA629866FE0008D492A /* AlbaDuplicateDetector */ = {isa = PBXFileReference; explicitFileType = "compiled.mach-o.executable"; includeInIndex = 0; path = AlbaDuplicateDetector; sourceTree = BUILT_PRODUCTS_DIR; };
		4A81DFA929866FE0008D492A /* main.swift */ = {isa = PBXFileReference; lastKnownFileType = sourcecode.swift; path = main.swift; sourceTree = "<group>"; };
		4A81DFB029866FFE008D492A /* TokenType.swift */ = {isa = PBXFileReference; lastKnownFileType = sourcecode.swift; path = TokenType.swift; sourceTree = "<group>"; };
		4A81DFB229867193008D492A /* AccountViewController.swift */ = {isa = PBXFileReference; lastKnownFileType = sourcecode.swift; path = AccountViewController.swift; sourceTree = "<group>"; };
		4A81DFD629883416008D492A /* String+Extension.swift */ = {isa = PBXFileReference; lastKnownFileType = sourcecode.swift; path = "String+Extension.swift"; sourceTree = "<group>"; };
		4AB4BBED299A9BAE00886209 /* TreeDuplicateDetector.swift */ = {isa = PBXFileReference; lastKnownFileType = sourcecode.swift; path = TreeDuplicateDetector.swift; sourceTree = "<group>"; };
		4AB4BBEF299A9BC400886209 /* TreeNode.swift */ = {isa = PBXFileReference; lastKnownFileType = sourcecode.swift; path = TreeNode.swift; sourceTree = "<group>"; };
		4AB4BBF9299AB52000886209 /* SyntaxTreeDuplicateDetector.swift */ = {isa = PBXFileReference; lastKnownFileType = sourcecode.swift; path = SyntaxTreeDuplicateDetector.swift; sourceTree = "<group>"; };
		4ADA920D2992EA410079DC6F /* Tree.swift */ = {isa = PBXFileReference; lastKnownFileType = sourcecode.swift; path = Tree.swift; sourceTree = "<group>"; };
/* End PBXFileReference section */

/* Begin PBXFrameworksBuildPhase section */
		4A81DFA329866FE0008D492A /* Frameworks */ = {
			isa = PBXFrameworksBuildPhase;
			buildActionMask = 2147483647;
			files = (
				4AB4BBF7299AB44900886209 /* SwiftSyntaxParser in Frameworks */,
				4A1C7D022993DBD700A1065F /* swift-ast in Frameworks */,
				4AB4BBF5299AB44900886209 /* SwiftSyntaxBuilder in Frameworks */,
				4A1C7D002993DBD700A1065F /* SwiftAST+Tooling in Frameworks */,
				4A1C7CFE2993DBD700A1065F /* SwiftAST in Frameworks */,
				4AB4BBF3299AB44900886209 /* SwiftSyntax in Frameworks */,
			);
			runOnlyForDeploymentPostprocessing = 0;
		};
/* End PBXFrameworksBuildPhase section */

/* Begin PBXGroup section */
		4A1C7CF82993C11700A1065F /* Example */ = {
			isa = PBXGroup;
			children = (
				4A81DFB229867193008D492A /* AccountViewController.swift */,
				4A1C7D062993E00C00A1065F /* Example.swift */,
			);
			path = Example;
			sourceTree = "<group>";
		};
		4A1C7CF92993C30300A1065F /* Helpers */ = {
			isa = PBXGroup;
			children = (
				4A1C7CFA2993C30D00A1065F /* Sets.swift */,
			);
			path = Helpers;
			sourceTree = "<group>";
		};
		4A1C7D032993DC0300A1065F /* SwiftSyntax */ = {
			isa = PBXGroup;
			children = (
				4A1C7D042993DC1200A1065F /* ASTVisitor.swift */,
			);
			path = SwiftSyntax;
			sourceTree = "<group>";
		};
		4A1C7D082993EE3A00A1065F /* AST */ = {
			isa = PBXGroup;
			children = (
				4A1C7D092993EE4600A1065F /* AST.swift */,
			);
			path = AST;
			sourceTree = "<group>";
		};
		4A81DF9D29866FE0008D492A = {
			isa = PBXGroup;
			children = (
				4A81DFA829866FE0008D492A /* AlbaDuplicateDetector */,
				4A81DFA729866FE0008D492A /* Products */,
			);
			sourceTree = "<group>";
		};
		4A81DFA729866FE0008D492A /* Products */ = {
			isa = PBXGroup;
			children = (
				4A81DFA629866FE0008D492A /* AlbaDuplicateDetector */,
			);
			name = Products;
			sourceTree = "<group>";
		};
		4A81DFA829866FE0008D492A /* AlbaDuplicateDetector */ = {
			isa = PBXGroup;
			children = (
				4AB4BBF8299AB50C00886209 /* SyntaxTreeDuplicateDetector */,
				4AB4BBEC299A9BA200886209 /* TreeDuplicateDetector */,
				4A1C7D082993EE3A00A1065F /* AST */,
				4A1C7D032993DC0300A1065F /* SwiftSyntax */,
				4A1C7CF92993C30300A1065F /* Helpers */,
				4A1C7CF82993C11700A1065F /* Example */,
				4A81DFA929866FE0008D492A /* main.swift */,
				4A81DFB029866FFE008D492A /* TokenType.swift */,
				4A81DFD629883416008D492A /* String+Extension.swift */,
				4A6B3E42298EBB9900EA6986 /* CodeDuplicationFinder.swift */,
				4A6B3E44298ECA1D00EA6986 /* DuplicateDetectorError.swift */,
				4A6B3E46298ECFDE00EA6986 /* CodeLineTokenizer.swift */,
				4A6B3E48298FB13100EA6986 /* ClassParser.swift */,
				4ADA920D2992EA410079DC6F /* Tree.swift */,
			);
			path = AlbaDuplicateDetector;
			sourceTree = "<group>";
		};
		4AB4BBEC299A9BA200886209 /* TreeDuplicateDetector */ = {
			isa = PBXGroup;
			children = (
				4AB4BBED299A9BAE00886209 /* TreeDuplicateDetector.swift */,
				4AB4BBEF299A9BC400886209 /* TreeNode.swift */,
			);
			path = TreeDuplicateDetector;
			sourceTree = "<group>";
		};
		4AB4BBF8299AB50C00886209 /* SyntaxTreeDuplicateDetector */ = {
			isa = PBXGroup;
			children = (
				4AB4BBF9299AB52000886209 /* SyntaxTreeDuplicateDetector.swift */,
			);
			path = SyntaxTreeDuplicateDetector;
			sourceTree = "<group>";
		};
/* End PBXGroup section */

/* Begin PBXNativeTarget section */
		4A81DFA529866FE0008D492A /* AlbaDuplicateDetector */ = {
			isa = PBXNativeTarget;
			buildConfigurationList = 4A81DFAD29866FE0008D492A /* Build configuration list for PBXNativeTarget "AlbaDuplicateDetector" */;
			buildPhases = (
				4A81DFA229866FE0008D492A /* Sources */,
				4A81DFA329866FE0008D492A /* Frameworks */,
				4A81DFA429866FE0008D492A /* CopyFiles */,
			);
			buildRules = (
			);
			dependencies = (
			);
			name = AlbaDuplicateDetector;
			packageProductDependencies = (
				4A1C7CFD2993DBD700A1065F /* SwiftAST */,
				4A1C7CFF2993DBD700A1065F /* SwiftAST+Tooling */,
				4A1C7D012993DBD700A1065F /* swift-ast */,
				4AB4BBF2299AB44900886209 /* SwiftSyntax */,
				4AB4BBF4299AB44900886209 /* SwiftSyntaxBuilder */,
				4AB4BBF6299AB44900886209 /* SwiftSyntaxParser */,
			);
			productName = AlbaDuplicateDetector;
			productReference = 4A81DFA629866FE0008D492A /* AlbaDuplicateDetector */;
			productType = "com.apple.product-type.tool";
		};
/* End PBXNativeTarget section */

/* Begin PBXProject section */
		4A81DF9E29866FE0008D492A /* Project object */ = {
			isa = PBXProject;
			attributes = {
				BuildIndependentTargetsInParallel = 1;
				LastSwiftUpdateCheck = 1340;
				LastUpgradeCheck = 1340;
				TargetAttributes = {
					4A81DFA529866FE0008D492A = {
						CreatedOnToolsVersion = 13.4.1;
					};
				};
			};
			buildConfigurationList = 4A81DFA129866FE0008D492A /* Build configuration list for PBXProject "AlbaDuplicateDetector" */;
			compatibilityVersion = "Xcode 13.0";
			developmentRegion = en;
			hasScannedForEncodings = 0;
			knownRegions = (
				en,
				Base,
			);
			mainGroup = 4A81DF9D29866FE0008D492A;
			packageReferences = (
				4A1C7CFC2993DBD700A1065F /* XCRemoteSwiftPackageReference "swift-ast" */,
				4AB4BBF1299AB44900886209 /* XCRemoteSwiftPackageReference "swift-syntax" */,
			);
			productRefGroup = 4A81DFA729866FE0008D492A /* Products */;
			projectDirPath = "";
			projectRoot = "";
			targets = (
				4A81DFA529866FE0008D492A /* AlbaDuplicateDetector */,
			);
		};
/* End PBXProject section */

/* Begin PBXSourcesBuildPhase section */
		4A81DFA229866FE0008D492A /* Sources */ = {
			isa = PBXSourcesBuildPhase;
			buildActionMask = 2147483647;
			files = (
				4A1C7D0A2993EE4600A1065F /* AST.swift in Sources */,
				4A81DFAA29866FE0008D492A /* main.swift in Sources */,
				4A6B3E45298ECA1D00EA6986 /* DuplicateDetectorError.swift in Sources */,
				4A6B3E49298FB13100EA6986 /* ClassParser.swift in Sources */,
				4A6B3E47298ECFDE00EA6986 /* CodeLineTokenizer.swift in Sources */,
				4A81DFD729883416008D492A /* String+Extension.swift in Sources */,
				4AB4BBEE299A9BAE00886209 /* TreeDuplicateDetector.swift in Sources */,
				4AB4BBF0299A9BC400886209 /* TreeNode.swift in Sources */,
				4A1C7D052993DC1200A1065F /* ASTVisitor.swift in Sources */,
				4A1C7D072993E00C00A1065F /* Example.swift in Sources */,
				4AB4BBFA299AB52000886209 /* SyntaxTreeDuplicateDetector.swift in Sources */,
				4ADA920E2992EA410079DC6F /* Tree.swift in Sources */,
				4A6B3E43298EBB9900EA6986 /* CodeDuplicationFinder.swift in Sources */,
				4A1C7CFB2993C30D00A1065F /* Sets.swift in Sources */,
				4A81DFB129866FFE008D492A /* TokenType.swift in Sources */,
			);
			runOnlyForDeploymentPostprocessing = 0;
		};
/* End PBXSourcesBuildPhase section */

/* Begin XCBuildConfiguration section */
		4A81DFAB29866FE0008D492A /* Debug */ = {
			isa = XCBuildConfiguration;
			buildSettings = {
				ALWAYS_SEARCH_USER_PATHS = NO;
				BUILD_LIBRARY_FOR_DISTRIBUTION = NO;
				CLANG_ANALYZER_NONNULL = YES;
				CLANG_ANALYZER_NUMBER_OBJECT_CONVERSION = YES_AGGRESSIVE;
				CLANG_CXX_LANGUAGE_STANDARD = "gnu++17";
				CLANG_ENABLE_MODULES = YES;
				CLANG_ENABLE_OBJC_ARC = YES;
				CLANG_ENABLE_OBJC_WEAK = YES;
				CLANG_WARN_BLOCK_CAPTURE_AUTORELEASING = YES;
				CLANG_WARN_BOOL_CONVERSION = YES;
				CLANG_WARN_COMMA = YES;
				CLANG_WARN_CONSTANT_CONVERSION = YES;
				CLANG_WARN_DEPRECATED_OBJC_IMPLEMENTATIONS = YES;
				CLANG_WARN_DIRECT_OBJC_ISA_USAGE = YES_ERROR;
				CLANG_WARN_DOCUMENTATION_COMMENTS = YES;
				CLANG_WARN_EMPTY_BODY = YES;
				CLANG_WARN_ENUM_CONVERSION = YES;
				CLANG_WARN_INFINITE_RECURSION = YES;
				CLANG_WARN_INT_CONVERSION = YES;
				CLANG_WARN_NON_LITERAL_NULL_CONVERSION = YES;
				CLANG_WARN_OBJC_IMPLICIT_RETAIN_SELF = YES;
				CLANG_WARN_OBJC_LITERAL_CONVERSION = YES;
				CLANG_WARN_OBJC_ROOT_CLASS = YES_ERROR;
				CLANG_WARN_QUOTED_INCLUDE_IN_FRAMEWORK_HEADER = YES;
				CLANG_WARN_RANGE_LOOP_ANALYSIS = YES;
				CLANG_WARN_STRICT_PROTOTYPES = YES;
				CLANG_WARN_SUSPICIOUS_MOVE = YES;
				CLANG_WARN_UNGUARDED_AVAILABILITY = YES_AGGRESSIVE;
				CLANG_WARN_UNREACHABLE_CODE = YES;
				CLANG_WARN__DUPLICATE_METHOD_MATCH = YES;
				COPY_PHASE_STRIP = NO;
				DEBUG_INFORMATION_FORMAT = dwarf;
				ENABLE_STRICT_OBJC_MSGSEND = YES;
				ENABLE_TESTABILITY = YES;
				GCC_C_LANGUAGE_STANDARD = gnu11;
				GCC_DYNAMIC_NO_PIC = NO;
				GCC_NO_COMMON_BLOCKS = YES;
				GCC_OPTIMIZATION_LEVEL = 0;
				GCC_PREPROCESSOR_DEFINITIONS = (
					"DEBUG=1",
					"$(inherited)",
				);
				GCC_WARN_64_TO_32_BIT_CONVERSION = YES;
				GCC_WARN_ABOUT_RETURN_TYPE = YES_ERROR;
				GCC_WARN_UNDECLARED_SELECTOR = YES;
				GCC_WARN_UNINITIALIZED_AUTOS = YES_AGGRESSIVE;
				GCC_WARN_UNUSED_FUNCTION = YES;
				GCC_WARN_UNUSED_VARIABLE = YES;
				MACOSX_DEPLOYMENT_TARGET = 12.3;
				MTL_ENABLE_DEBUG_INFO = INCLUDE_SOURCE;
				MTL_FAST_MATH = YES;
				ONLY_ACTIVE_ARCH = YES;
				SDKROOT = macosx;
				SWIFT_ACTIVE_COMPILATION_CONDITIONS = DEBUG;
				SWIFT_OPTIMIZATION_LEVEL = "-Onone";
			};
			name = Debug;
		};
		4A81DFAC29866FE0008D492A /* Release */ = {
			isa = XCBuildConfiguration;
			buildSettings = {
				ALWAYS_SEARCH_USER_PATHS = NO;
				BUILD_LIBRARY_FOR_DISTRIBUTION = NO;
				CLANG_ANALYZER_NONNULL = YES;
				CLANG_ANALYZER_NUMBER_OBJECT_CONVERSION = YES_AGGRESSIVE;
				CLANG_CXX_LANGUAGE_STANDARD = "gnu++17";
				CLANG_ENABLE_MODULES = YES;
				CLANG_ENABLE_OBJC_ARC = YES;
				CLANG_ENABLE_OBJC_WEAK = YES;
				CLANG_WARN_BLOCK_CAPTURE_AUTORELEASING = YES;
				CLANG_WARN_BOOL_CONVERSION = YES;
				CLANG_WARN_COMMA = YES;
				CLANG_WARN_CONSTANT_CONVERSION = YES;
				CLANG_WARN_DEPRECATED_OBJC_IMPLEMENTATIONS = YES;
				CLANG_WARN_DIRECT_OBJC_ISA_USAGE = YES_ERROR;
				CLANG_WARN_DOCUMENTATION_COMMENTS = YES;
				CLANG_WARN_EMPTY_BODY = YES;
				CLANG_WARN_ENUM_CONVERSION = YES;
				CLANG_WARN_INFINITE_RECURSION = YES;
				CLANG_WARN_INT_CONVERSION = YES;
				CLANG_WARN_NON_LITERAL_NULL_CONVERSION = YES;
				CLANG_WARN_OBJC_IMPLICIT_RETAIN_SELF = YES;
				CLANG_WARN_OBJC_LITERAL_CONVERSION = YES;
				CLANG_WARN_OBJC_ROOT_CLASS = YES_ERROR;
				CLANG_WARN_QUOTED_INCLUDE_IN_FRAMEWORK_HEADER = YES;
				CLANG_WARN_RANGE_LOOP_ANALYSIS = YES;
				CLANG_WARN_STRICT_PROTOTYPES = YES;
				CLANG_WARN_SUSPICIOUS_MOVE = YES;
				CLANG_WARN_UNGUARDED_AVAILABILITY = YES_AGGRESSIVE;
				CLANG_WARN_UNREACHABLE_CODE = YES;
				CLANG_WARN__DUPLICATE_METHOD_MATCH = YES;
				COPY_PHASE_STRIP = NO;
				DEBUG_INFORMATION_FORMAT = "dwarf-with-dsym";
				ENABLE_NS_ASSERTIONS = NO;
				ENABLE_STRICT_OBJC_MSGSEND = YES;
				GCC_C_LANGUAGE_STANDARD = gnu11;
				GCC_NO_COMMON_BLOCKS = YES;
				GCC_WARN_64_TO_32_BIT_CONVERSION = YES;
				GCC_WARN_ABOUT_RETURN_TYPE = YES_ERROR;
				GCC_WARN_UNDECLARED_SELECTOR = YES;
				GCC_WARN_UNINITIALIZED_AUTOS = YES_AGGRESSIVE;
				GCC_WARN_UNUSED_FUNCTION = YES;
				GCC_WARN_UNUSED_VARIABLE = YES;
				MACOSX_DEPLOYMENT_TARGET = 12.3;
				MTL_ENABLE_DEBUG_INFO = NO;
				MTL_FAST_MATH = YES;
				SDKROOT = macosx;
				SWIFT_COMPILATION_MODE = wholemodule;
				SWIFT_OPTIMIZATION_LEVEL = "-O";
			};
			name = Release;
		};
		4A81DFAE29866FE0008D492A /* Debug */ = {
			isa = XCBuildConfiguration;
			buildSettings = {
				CODE_SIGN_STYLE = Automatic;
				PRODUCT_NAME = "$(TARGET_NAME)";
				SWIFT_VERSION = 5.0;
			};
			name = Debug;
		};
		4A81DFAF29866FE0008D492A /* Release */ = {
			isa = XCBuildConfiguration;
			buildSettings = {
				CODE_SIGN_STYLE = Automatic;
				PRODUCT_NAME = "$(TARGET_NAME)";
				SWIFT_VERSION = 5.0;
			};
			name = Release;
		};
/* End XCBuildConfiguration section */

/* Begin XCConfigurationList section */
		4A81DFA129866FE0008D492A /* Build configuration list for PBXProject "AlbaDuplicateDetector" */ = {
			isa = XCConfigurationList;
			buildConfigurations = (
				4A81DFAB29866FE0008D492A /* Debug */,
				4A81DFAC29866FE0008D492A /* Release */,
			);
			defaultConfigurationIsVisible = 0;
			defaultConfigurationName = Release;
		};
		4A81DFAD29866FE0008D492A /* Build configuration list for PBXNativeTarget "AlbaDuplicateDetector" */ = {
			isa = XCConfigurationList;
			buildConfigurations = (
				4A81DFAE29866FE0008D492A /* Debug */,
				4A81DFAF29866FE0008D492A /* Release */,
			);
			defaultConfigurationIsVisible = 0;
			defaultConfigurationName = Release;
		};
/* End XCConfigurationList section */

/* Begin XCRemoteSwiftPackageReference section */
		4A1C7CFC2993DBD700A1065F /* XCRemoteSwiftPackageReference "swift-ast" */ = {
			isa = XCRemoteSwiftPackageReference;
			repositoryURL = "https://github.com/yanagiba/swift-ast.git";
			requirement = {
				branch = master;
				kind = branch;
			};
		};
		4AB4BBF1299AB44900886209 /* XCRemoteSwiftPackageReference "swift-syntax" */ = {
			isa = XCRemoteSwiftPackageReference;
			repositoryURL = "https://github.com/apple/swift-syntax.git";
			requirement = {
				kind = upToNextMajorVersion;
				minimumVersion = 0.50700.1;
			};
		};
/* End XCRemoteSwiftPackageReference section */

/* Begin XCSwiftPackageProductDependency section */
		4A1C7CFD2993DBD700A1065F /* SwiftAST */ = {
			isa = XCSwiftPackageProductDependency;
			package = 4A1C7CFC2993DBD700A1065F /* XCRemoteSwiftPackageReference "swift-ast" */;
			productName = SwiftAST;
		};
		4A1C7CFF2993DBD700A1065F /* SwiftAST+Tooling */ = {
			isa = XCSwiftPackageProductDependency;
			package = 4A1C7CFC2993DBD700A1065F /* XCRemoteSwiftPackageReference "swift-ast" */;
			productName = "SwiftAST+Tooling";
		};
		4A1C7D012993DBD700A1065F /* swift-ast */ = {
			isa = XCSwiftPackageProductDependency;
			package = 4A1C7CFC2993DBD700A1065F /* XCRemoteSwiftPackageReference "swift-ast" */;
			productName = "swift-ast";
		};
		4AB4BBF2299AB44900886209 /* SwiftSyntax */ = {
			isa = XCSwiftPackageProductDependency;
			package = 4AB4BBF1299AB44900886209 /* XCRemoteSwiftPackageReference "swift-syntax" */;
			productName = SwiftSyntax;
		};
		4AB4BBF4299AB44900886209 /* SwiftSyntaxBuilder */ = {
			isa = XCSwiftPackageProductDependency;
			package = 4AB4BBF1299AB44900886209 /* XCRemoteSwiftPackageReference "swift-syntax" */;
			productName = SwiftSyntaxBuilder;
		};
		4AB4BBF6299AB44900886209 /* SwiftSyntaxParser */ = {
			isa = XCSwiftPackageProductDependency;
			package = 4AB4BBF1299AB44900886209 /* XCRemoteSwiftPackageReference "swift-syntax" */;
			productName = SwiftSyntaxParser;
		};
/* End XCSwiftPackageProductDependency section */
	};
	rootObject = 4A81DF9E29866FE0008D492A /* Project object */;
}
